// !$*UTF8*$!
{
	archiveVersion = 1;
	classes = {
	};
	objectVersion = 50;
	objects = {

/* Begin PBXBuildFile section */
		367FD5A425F8DA4000059C13 /* AppDelegate.swift in Sources */ = {isa = PBXBuildFile; fileRef = 367FD5A325F8DA4000059C13 /* AppDelegate.swift */; };
		367FD5A625F8DA4000059C13 /* SceneDelegate.swift in Sources */ = {isa = PBXBuildFile; fileRef = 367FD5A525F8DA4000059C13 /* SceneDelegate.swift */; };
		367FD5A825F8DA4000059C13 /* ViewController.swift in Sources */ = {isa = PBXBuildFile; fileRef = 367FD5A725F8DA4000059C13 /* ViewController.swift */; };
		367FD5AB25F8DA4000059C13 /* Main.storyboard in Resources */ = {isa = PBXBuildFile; fileRef = 367FD5A925F8DA4000059C13 /* Main.storyboard */; };
		367FD5AE25F8DA4000059C13 /* Image_App.xcdatamodeld in Sources */ = {isa = PBXBuildFile; fileRef = 367FD5AC25F8DA4000059C13 /* Image_App.xcdatamodeld */; };
		367FD5B025F8DA4200059C13 /* Assets.xcassets in Resources */ = {isa = PBXBuildFile; fileRef = 367FD5AF25F8DA4200059C13 /* Assets.xcassets */; };
		367FD5B325F8DA4200059C13 /* LaunchScreen.storyboard in Resources */ = {isa = PBXBuildFile; fileRef = 367FD5B125F8DA4200059C13 /* LaunchScreen.storyboard */; };
/* End PBXBuildFile section */

/* Begin PBXFileReference section */
		367FD5A025F8DA4000059C13 /* Image_App.app */ = {isa = PBXFileReference; explicitFileType = wrapper.application; includeInIndex = 0; path = Image_App.app; sourceTree = BUILT_PRODUCTS_DIR; };
		367FD5A325F8DA4000059C13 /* AppDelegate.swift */ = {isa = PBXFileReference; lastKnownFileType = sourcecode.swift; path = AppDelegate.swift; sourceTree = "<group>"; };
		367FD5A525F8DA4000059C13 /* SceneDelegate.swift */ = {isa = PBXFileReference; lastKnownFileType = sourcecode.swift; path = SceneDelegate.swift; sourceTree = "<group>"; };
		367FD5A725F8DA4000059C13 /* ViewController.swift */ = {isa = PBXFileReference; lastKnownFileType = sourcecode.swift; path = ViewController.swift; sourceTree = "<group>"; };
		367FD5AA25F8DA4000059C13 /* Base */ = {isa = PBXFileReference; lastKnownFileType = file.storyboard; name = Base; path = Base.lproj/Main.storyboard; sourceTree = "<group>"; };
		367FD5AD25F8DA4000059C13 /* Image_App.xcdatamodel */ = {isa = PBXFileReference; lastKnownFileType = wrapper.xcdatamodel; path = Image_App.xcdatamodel; sourceTree = "<group>"; };
		367FD5AF25F8DA4200059C13 /* Assets.xcassets */ = {isa = PBXFileReference; lastKnownFileType = folder.assetcatalog; path = Assets.xcassets; sourceTree = "<group>"; };
		367FD5B225F8DA4200059C13 /* Base */ = {isa = PBXFileReference; lastKnownFileType = file.storyboard; name = Base; path = Base.lproj/LaunchScreen.storyboard; sourceTree = "<group>"; };
		367FD5B425F8DA4200059C13 /* Info.plist */ = {isa = PBXFileReference; lastKnownFileType = text.plist.xml; path = Info.plist; sourceTree = "<group>"; };
/* End PBXFileReference section */

/* Begin PBXFrameworksBuildPhase section */
		367FD59D25F8DA4000059C13 /* Frameworks */ = {
			isa = PBXFrameworksBuildPhase;
			buildActionMask = 2147483647;
			files = (
			);
			runOnlyForDeploymentPostprocessing = 0;
		};
/* End PBXFrameworksBuildPhase section */

/* Begin PBXGroup section */
		367FD59725F8DA4000059C13 = {
			isa = PBXGroup;
			children = (
				367FD5A225F8DA4000059C13 /* Image_App */,
				367FD5A125F8DA4000059C13 /* Products */,
			);
			sourceTree = "<group>";
		};
		367FD5A125F8DA4000059C13 /* Products */ = {
			isa = PBXGroup;
			children = (
				367FD5A025F8DA4000059C13 /* Image_App.app */,
			);
			name = Products;
			sourceTree = "<group>";
		};
		367FD5A225F8DA4000059C13 /* Image_App */ = {
			isa = PBXGroup;
			children = (
				367FD5A325F8DA4000059C13 /* AppDelegate.swift */,
				367FD5A525F8DA4000059C13 /* SceneDelegate.swift */,
				367FD5A725F8DA4000059C13 /* ViewController.swift */,
				367FD5A925F8DA4000059C13 /* Main.storyboard */,
				367FD5AF25F8DA4200059C13 /* Assets.xcassets */,
				367FD5B125F8DA4200059C13 /* LaunchScreen.storyboard */,
				367FD5B425F8DA4200059C13 /* Info.plist */,
				367FD5AC25F8DA4000059C13 /* Image_App.xcdatamodeld */,
			);
			path = Image_App;
			sourceTree = "<group>";
		};
/* End PBXGroup section */

/* Begin PBXNativeTarget section */
		367FD59F25F8DA4000059C13 /* Image_App */ = {
			isa = PBXNativeTarget;
			buildConfigurationList = 367FD5B725F8DA4200059C13 /* Build configuration list for PBXNativeTarget "Image_App" */;
			buildPhases = (
				367FD59C25F8DA4000059C13 /* Sources */,
				367FD59D25F8DA4000059C13 /* Frameworks */,
				367FD59E25F8DA4000059C13 /* Resources */,
			);
			buildRules = (
			);
			dependencies = (
			);
			name = Image_App;
			productName = Image_App;
			productReference = 367FD5A025F8DA4000059C13 /* Image_App.app */;
			productType = "com.apple.product-type.application";
		};
/* End PBXNativeTarget section */

/* Begin PBXProject section */
		367FD59825F8DA4000059C13 /* Project object */ = {
			isa = PBXProject;
			attributes = {
				LastSwiftUpdateCheck = 1200;
				LastUpgradeCheck = 1200;
				TargetAttributes = {
					367FD59F25F8DA4000059C13 = {
						CreatedOnToolsVersion = 12.0;
					};
				};
			};
			buildConfigurationList = 367FD59B25F8DA4000059C13 /* Build configuration list for PBXProject "Image_App" */;
			compatibilityVersion = "Xcode 9.3";
			developmentRegion = en;
			hasScannedForEncodings = 0;
			knownRegions = (
				en,
				Base,
			);
			mainGroup = 367FD59725F8DA4000059C13;
			productRefGroup = 367FD5A125F8DA4000059C13 /* Products */;
			projectDirPath = "";
			projectRoot = "";
			targets = (
				367FD59F25F8DA4000059C13 /* Image_App */,
			);
		};
/* End PBXProject section */

/* Begin PBXResourcesBuildPhase section */
		367FD59E25F8DA4000059C13 /* Resources */ = {
			isa = PBXResourcesBuildPhase;
			buildActionMask = 2147483647;
			files = (
				367FD5B325F8DA4200059C13 /* LaunchScreen.storyboard in Resources */,
				367FD5B025F8DA4200059C13 /* Assets.xcassets in Resources */,
				367FD5AB25F8DA4000059C13 /* Main.storyboard in Resources */,
			);
			runOnlyForDeploymentPostprocessing = 0;
		};
/* End PBXResourcesBuildPhase section */

/* Begin PBXSourcesBuildPhase section */
		367FD59C25F8DA4000059C13 /* Sources */ = {
			isa = PBXSourcesBuildPhase;
			buildActionMask = 2147483647;
			files = (
				367FD5A825F8DA4000059C13 /* ViewController.swift in Sources */,
				367FD5AE25F8DA4000059C13 /* Image_App.xcdatamodeld in Sources */,
				367FD5A425F8DA4000059C13 /* AppDelegate.swift in Sources */,
				367FD5A625F8DA4000059C13 /* SceneDelegate.swift in Sources */,
			);
			runOnlyForDeploymentPostprocessing = 0;
		};
/* End PBXSourcesBuildPhase section */

/* Begin PBXVariantGroup section */
		367FD5A925F8DA4000059C13 /* Main.storyboard */ = {
			isa = PBXVariantGroup;
			children = (
				367FD5AA25F8DA4000059C13 /* Base */,
			);
			name = Main.storyboard;
			sourceTree = "<group>";
		};
		367FD5B125F8DA4200059C13 /* LaunchScreen.storyboard */ = {
			isa = PBXVariantGroup;
			children = (
				367FD5B225F8DA4200059C13 /* Base */,
			);
			name = LaunchScreen.storyboard;
			sourceTree = "<group>";
		};
/* End PBXVariantGroup section */

/* Begin XCBuildConfiguration section */
		367FD5B525F8DA4200059C13 /* Debug */ = {
			isa = XCBuildConfiguration;
			buildSettings = {
				ALWAYS_SEARCH_USER_PATHS = NO;
				CLANG_ANALYZER_NONNULL = YES;
				CLANG_ANALYZER_NUMBER_OBJECT_CONVERSION = YES_AGGRESSIVE;
				CLANG_CXX_LANGUAGE_STANDARD = "gnu++14";
				CLANG_CXX_LIBRARY = "libc++";
				CLANG_ENABLE_MODULES = YES;
				CLANG_ENABLE_OBJC_ARC = YES;
				CLANG_ENABLE_OBJC_WEAK = YES;
				CLANG_WARN_BLOCK_CAPTURE_AUTORELEASING = YES;
				CLANG_WARN_BOOL_CONVERSION = YES;
				CLANG_WARN_COMMA = YES;
				CLANG_WARN_CONSTANT_CONVERSION = YES;
				CLANG_WARN_DEPRECATED_OBJC_IMPLEMENTATIONS = YES;
				CLANG_WARN_DIRECT_OBJC_ISA_USAGE = YES_ERROR;
				CLANG_WARN_DOCUMENTATION_COMMENTS = YES;
				CLANG_WARN_EMPTY_BODY = YES;
				CLANG_WARN_ENUM_CONVERSION = YES;
				CLANG_WARN_INFINITE_RECURSION = YES;
				CLANG_WARN_INT_CONVERSION = YES;
				CLANG_WARN_NON_LITERAL_NULL_CONVERSION = YES;
				CLANG_WARN_OBJC_IMPLICIT_RETAIN_SELF = YES;
				CLANG_WARN_OBJC_LITERAL_CONVERSION = YES;
				CLANG_WARN_OBJC_ROOT_CLASS = YES_ERROR;
				CLANG_WARN_QUOTED_INCLUDE_IN_FRAMEWORK_HEADER = YES;
				CLANG_WARN_RANGE_LOOP_ANALYSIS = YES;
				CLANG_WARN_STRICT_PROTOTYPES = YES;
				CLANG_WARN_SUSPICIOUS_MOVE = YES;
				CLANG_WARN_UNGUARDED_AVAILABILITY = YES_AGGRESSIVE;
				CLANG_WARN_UNREACHABLE_CODE = YES;
				CLANG_WARN__DUPLICATE_METHOD_MATCH = YES;
				COPY_PHASE_STRIP = NO;
				DEBUG_INFORMATION_FORMAT = dwarf;
				ENABLE_STRICT_OBJC_MSGSEND = YES;
				ENABLE_TESTABILITY = YES;
				GCC_C_LANGUAGE_STANDARD = gnu11;
				GCC_DYNAMIC_NO_PIC = NO;
				GCC_NO_COMMON_BLOCKS = YES;
				GCC_OPTIMIZATION_LEVEL = 0;
				GCC_PREPROCESSOR_DEFINITIONS = (
					"DEBUG=1",
					"$(inherited)",
				);
				GCC_WARN_64_TO_32_BIT_CONVERSION = YES;
				GCC_WARN_ABOUT_RETURN_TYPE = YES_ERROR;
				GCC_WARN_UNDECLARED_SELECTOR = YES;
				GCC_WARN_UNINITIALIZED_AUTOS = YES_AGGRESSIVE;
				GCC_WARN_UNUSED_FUNCTION = YES;
				GCC_WARN_UNUSED_VARIABLE = YES;
				IPHONEOS_DEPLOYMENT_TARGET = 14.0;
				MTL_ENABLE_DEBUG_INFO = INCLUDE_SOURCE;
				MTL_FAST_MATH = YES;
				ONLY_ACTIVE_ARCH = YES;
				SDKROOT = iphoneos;
				SWIFT_ACTIVE_COMPILATION_CONDITIONS = DEBUG;
				SWIFT_OPTIMIZATION_LEVEL = "-Onone";
			};
			name = Debug;
		};
		367FD5B625F8DA4200059C13 /* Release */ = {
			isa = XCBuildConfiguration;
			buildSettings = {
				ALWAYS_SEARCH_USER_PATHS = NO;
				CLANG_ANALYZER_NONNULL = YES;
				CLANG_ANALYZER_NUMBER_OBJECT_CONVERSION = YES_AGGRESSIVE;
				CLANG_CXX_LANGUAGE_STANDARD = "gnu++14";
				CLANG_CXX_LIBRARY = "libc++";
				CLANG_ENABLE_MODULES = YES;
				CLANG_ENABLE_OBJC_ARC = YES;
				CLANG_ENABLE_OBJC_WEAK = YES;
				CLANG_WARN_BLOCK_CAPTURE_AUTORELEASING = YES;
				CLANG_WARN_BOOL_CONVERSION = YES;
				CLANG_WARN_COMMA = YES;
				CLANG_WARN_CONSTANT_CONVERSION = YES;
				CLANG_WARN_DEPRECATED_OBJC_IMPLEMENTATIONS = YES;
				CLANG_WARN_DIRECT_OBJC_ISA_USAGE = YES_ERROR;
				CLANG_WARN_DOCUMENTATION_COMMENTS = YES;
				CLANG_WARN_EMPTY_BODY = YES;
				CLANG_WARN_ENUM_CONVERSION = YES;
				CLANG_WARN_INFINITE_RECURSION = YES;
				CLANG_WARN_INT_CONVERSION = YES;
				CLANG_WARN_NON_LITERAL_NULL_CONVERSION = YES;
				CLANG_WARN_OBJC_IMPLICIT_RETAIN_SELF = YES;
				CLANG_WARN_OBJC_LITERAL_CONVERSION = YES;
				CLANG_WARN_OBJC_ROOT_CLASS = YES_ERROR;
				CLANG_WARN_QUOTED_INCLUDE_IN_FRAMEWORK_HEADER = YES;
				CLANG_WARN_RANGE_LOOP_ANALYSIS = YES;
				CLANG_WARN_STRICT_PROTOTYPES = YES;
				CLANG_WARN_SUSPICIOUS_MOVE = YES;
				CLANG_WARN_UNGUARDED_AVAILABILITY = YES_AGGRESSIVE;
				CLANG_WARN_UNREACHABLE_CODE = YES;
				CLANG_WARN__DUPLICATE_METHOD_MATCH = YES;
				COPY_PHASE_STRIP = NO;
				DEBUG_INFORMATION_FORMAT = "dwarf-with-dsym";
				ENABLE_NS_ASSERTIONS = NO;
				ENABLE_STRICT_OBJC_MSGSEND = YES;
				GCC_C_LANGUAGE_STANDARD = gnu11;
				GCC_NO_COMMON_BLOCKS = YES;
				GCC_WARN_64_TO_32_BIT_CONVERSION = YES;
				GCC_WARN_ABOUT_RETURN_TYPE = YES_ERROR;
				GCC_WARN_UNDECLARED_SELECTOR = YES;
				GCC_WARN_UNINITIALIZED_AUTOS = YES_AGGRESSIVE;
				GCC_WARN_UNUSED_FUNCTION = YES;
				GCC_WARN_UNUSED_VARIABLE = YES;
				IPHONEOS_DEPLOYMENT_TARGET = 14.0;
				MTL_ENABLE_DEBUG_INFO = NO;
				MTL_FAST_MATH = YES;
				SDKROOT = iphoneos;
				SWIFT_COMPILATION_MODE = wholemodule;
				SWIFT_OPTIMIZATION_LEVEL = "-O";
				VALIDATE_PRODUCT = YES;
			};
			name = Release;
		};
		367FD5B825F8DA4200059C13 /* Debug */ = {
			isa = XCBuildConfiguration;
			buildSettings = {
				ASSETCATALOG_COMPILER_APPICON_NAME = AppIcon;
				ASSETCATALOG_COMPILER_GLOBAL_ACCENT_COLOR_NAME = AccentColor;
				CODE_SIGN_STYLE = Automatic;
				DEVELOPMENT_TEAM = 9X6WPB9RQW;
				INFOPLIST_FILE = Image_App/Info.plist;
				LD_RUNPATH_SEARCH_PATHS = (
					"$(inherited)",
					"@executable_path/Frameworks",
				);
				PRODUCT_BUNDLE_IDENTIFIER = "com.canozmen.Image-App";
				PRODUCT_NAME = "$(TARGET_NAME)";
				SWIFT_VERSION = 5.0;
				TARGETED_DEVICE_FAMILY = "1,2";
			};
			name = Debug;
		};
		367FD5B925F8DA4200059C13 /* Release */ = {
			isa = XCBuildConfiguration;
			buildSettings = {
				ASSETCATALOG_COMPILER_APPICON_NAME = AppIcon;
				ASSETCATALOG_COMPILER_GLOBAL_ACCENT_COLOR_NAME = AccentColor;
				CODE_SIGN_STYLE = Automatic;
				DEVELOPMENT_TEAM = 9X6WPB9RQW;
				INFOPLIST_FILE = Image_App/Info.plist;
				LD_RUNPATH_SEARCH_PATHS = (
					"$(inherited)",
					"@executable_path/Frameworks",
				);
				PRODUCT_BUNDLE_IDENTIFIER = "com.canozmen.Image-App";
				PRODUCT_NAME = "$(TARGET_NAME)";
				SWIFT_VERSION = 5.0;
				TARGETED_DEVICE_FAMILY = "1,2";
			};
			name = Release;
		};
/* End XCBuildConfiguration section */

/* Begin XCConfigurationList section */
		367FD59B25F8DA4000059C13 /* Build configuration list for PBXProject "Image_App" */ = {
			isa = XCConfigurationList;
			buildConfigurations = (
				367FD5B525F8DA4200059C13 /* Debug */,
				367FD5B625F8DA4200059C13 /* Release */,
			);
			defaultConfigurationIsVisible = 0;
			defaultConfigurationName = Release;
		};
		367FD5B725F8DA4200059C13 /* Build configuration list for PBXNativeTarget "Image_App" */ = {
			isa = XCConfigurationList;
			buildConfigurations = (
				367FD5B825F8DA4200059C13 /* Debug */,
				367FD5B925F8DA4200059C13 /* Release */,
			);
			defaultConfigurationIsVisible = 0;
			defaultConfigurationName = Release;
		};
/* End XCConfigurationList section */

/* Begin XCVersionGroup section */
		367FD5AC25F8DA4000059C13 /* Image_App.xcdatamodeld */ = {
			isa = XCVersionGroup;
			children = (
				367FD5AD25F8DA4000059C13 /* Image_App.xcdatamodel */,
			);
			currentVersion = 367FD5AD25F8DA4000059C13 /* Image_App.xcdatamodel */;
			path = Image_App.xcdatamodeld;
			sourceTree = "<group>";
			versionGroupType = wrapper.xcdatamodel;
		};
/* End XCVersionGroup section */
	};
	rootObject = 367FD59825F8DA4000059C13 /* Project object */;
}
